
Microsoft Visual Studio Solution File, Format Version 12.00
# Visual Studio Version 17
VisualStudioVersion = 17.10.35122.118
MinimumVisualStudioVersion = 10.0.40219.1
Project("{FAE04EC0-301F-11D3-BF4B-00C04F79EFBC}") = "Bid-Ack Visual", "Bid-Ack Visual\Bid-Ack Visual.csproj", "{6F8B2C8B-ADB2-4474-ADCE-C85A2202B39B}"
EndProject
Global
	GlobalSection(SolutionConfigurationPlatforms) = preSolution
		Debug|Any CPU = Debug|Any CPU
		Release|Any CPU = Release|Any CPU
	EndGlobalSection
	GlobalSection(ProjectConfigurationPlatforms) = postSolution
		{6F8B2C8B-ADB2-4474-ADCE-C85A2202B39B}.Debug|Any CPU.ActiveCfg = Debug|Any CPU
		{6F8B2C8B-ADB2-4474-ADCE-C85A2202B39B}.Debug|Any CPU.Build.0 = Debug|Any CPU
		{6F8B2C8B-ADB2-4474-ADCE-C85A2202B39B}.Release|Any CPU.ActiveCfg = Release|Any CPU
		{6F8B2C8B-ADB2-4474-ADCE-C85A2202B39B}.Release|Any CPU.Build.0 = Release|Any CPU
	EndGlobalSection
	GlobalSection(SolutionProperties) = preSolution
		HideSolutionNode = FALSE
	EndGlobalSection
	GlobalSection(ExtensibilityGlobals) = postSolution
		SolutionGuid = {A0F2416A-076E-4EF9-A256-3615AC18443B}
	EndGlobalSection
EndGlobal
